{
  "name": "galaxycalendarweapp",
  "version": "1.0.0",
  "lockfileVersion": 2,
  "requires": true,
  "packages": {
    "": {
      "name": "galaxycalendarweapp",
      "version": "1.0.0",
      "license": "ISC",
      "dependencies": {
        "@vant/weapp": "^1.10.1",
        "galaxy-time": "^1.0.16"
      }
    },
    "node_modules/@vant/weapp": {
      "version": "1.10.1",
      "resolved": "https://registry.npmjs.org/@vant/weapp/-/weapp-1.10.1.tgz",
      "integrity": "sha512-IdD57pOfhqtzL1LiNLVpCTmSClSX1YyBSy2yLk81KZTjjqFePPNZriSxmx2vdns+S/JpwsQFQ1PprdxD2+Rd9w=="
    },
    "node_modules/galaxy-time": {
      "version": "1.0.16",
      "resolved": "https://registry.npmjs.org/galaxy-time/-/galaxy-time-1.0.16.tgz",
      "integrity": "sha512-tjeCk0uhSUsR20/sZUyzaBZJjb9bXj7ZlDpms9vWoLhlkdJRdm6+CsZFeaxqxnv9r6Lnc8a7LEmV0+eXPmdSCw==",
      "dependencies": {
        "moment": "^2.29.1"
      }
    },
    "node_modules/moment": {
      "version": "2.29.1",
      "resolved": "https://registry.npmjs.org/moment/-/moment-2.29.1.tgz",
      "integrity": "sha512-kHmoybcPV8Sqy59DwNDY3Jefr64lK/by/da0ViFcuA4DH0vQg5Q6Ze5VimxkfQNSC+Mls/Kx53s7TjP1RhFEDQ==",
      "engines": {
        "node": "*"
      }
    }
  },
  "dependencies": {
    "@vant/weapp": {
      "version": "1.10.1",
      "resolved": "https://registry.npmjs.org/@vant/weapp/-/weapp-1.10.1.tgz",
      "integrity": "sha512-IdD57pOfhqtzL1LiNLVpCTmSClSX1YyBSy2yLk81KZTjjqFePPNZriSxmx2vdns+S/JpwsQFQ1PprdxD2+Rd9w=="
    },
    "galaxy-time": {
      "version": "1.0.16",
      "resolved": "https://registry.npmjs.org/galaxy-time/-/galaxy-time-1.0.16.tgz",
      "integrity": "sha512-tjeCk0uhSUsR20/sZUyzaBZJjb9bXj7ZlDpms9vWoLhlkdJRdm6+CsZFeaxqxnv9r6Lnc8a7LEmV0+eXPmdSCw==",
      "requires": {
        "moment": "^2.29.1"
      }
    },
    "moment": {
      "version": "2.29.1",
      "resolved": "https://registry.npmjs.org/moment/-/moment-2.29.1.tgz",
      "integrity": "sha512-kHmoybcPV8Sqy59DwNDY3Jefr64lK/by/da0ViFcuA4DH0vQg5Q6Ze5VimxkfQNSC+Mls/Kx53s7TjP1RhFEDQ=="
    }
  }
}
